// !$*UTF8*$!
{
	archiveVersion = 1;
	classes = {
	};
	objectVersion = 46;
	objects = {

/* Begin PBXBuildFile section */
		78EEEB511EACA438005A3E3E /* main.m in Sources */ = {isa = PBXBuildFile; fileRef = 78EEEB501EACA438005A3E3E /* main.m */; };
		78EEEB541EACA438005A3E3E /* AppDelegate.m in Sources */ = {isa = PBXBuildFile; fileRef = 78EEEB531EACA438005A3E3E /* AppDelegate.m */; };
		78EEEB571EACA438005A3E3E /* ViewController.m in Sources */ = {isa = PBXBuildFile; fileRef = 78EEEB561EACA438005A3E3E /* ViewController.m */; };
		78EEEB5A1EACA438005A3E3E /* Main.storyboard in Resources */ = {isa = PBXBuildFile; fileRef = 78EEEB581EACA438005A3E3E /* Main.storyboard */; };
		78EEEB5C1EACA438005A3E3E /* Assets.xcassets in Resources */ = {isa = PBXBuildFile; fileRef = 78EEEB5B1EACA438005A3E3E /* Assets.xcassets */; };
		78EEEB5F1EACA438005A3E3E /* LaunchScreen.storyboard in Resources */ = {isa = PBXBuildFile; fileRef = 78EEEB5D1EACA438005A3E3E /* LaunchScreen.storyboard */; };
		78EEEB831EACA528005A3E3E /* LICENSE in Resources */ = {isa = PBXBuildFile; fileRef = 78EEEB671EACA528005A3E3E /* LICENSE */; };
		78EEEB841EACA528005A3E3E /* MASCompositeConstraint.m in Sources */ = {isa = PBXBuildFile; fileRef = 78EEEB6A1EACA528005A3E3E /* MASCompositeConstraint.m */; };
		78EEEB851EACA528005A3E3E /* MASConstraint.m in Sources */ = {isa = PBXBuildFile; fileRef = 78EEEB6D1EACA528005A3E3E /* MASConstraint.m */; };
		78EEEB861EACA528005A3E3E /* MASConstraintMaker.m in Sources */ = {isa = PBXBuildFile; fileRef = 78EEEB6F1EACA528005A3E3E /* MASConstraintMaker.m */; };
		78EEEB871EACA528005A3E3E /* MASLayoutConstraint.m in Sources */ = {isa = PBXBuildFile; fileRef = 78EEEB711EACA528005A3E3E /* MASLayoutConstraint.m */; };
		78EEEB881EACA528005A3E3E /* MASViewAttribute.m in Sources */ = {isa = PBXBuildFile; fileRef = 78EEEB751EACA528005A3E3E /* MASViewAttribute.m */; };
		78EEEB891EACA528005A3E3E /* MASViewConstraint.m in Sources */ = {isa = PBXBuildFile; fileRef = 78EEEB771EACA528005A3E3E /* MASViewConstraint.m */; };
		78EEEB8A1EACA528005A3E3E /* NSArray+MASAdditions.m in Sources */ = {isa = PBXBuildFile; fileRef = 78EEEB791EACA528005A3E3E /* NSArray+MASAdditions.m */; };
		78EEEB8B1EACA528005A3E3E /* NSLayoutConstraint+MASDebugAdditions.m in Sources */ = {isa = PBXBuildFile; fileRef = 78EEEB7C1EACA528005A3E3E /* NSLayoutConstraint+MASDebugAdditions.m */; };
		78EEEB8C1EACA528005A3E3E /* View+MASAdditions.m in Sources */ = {isa = PBXBuildFile; fileRef = 78EEEB7E1EACA528005A3E3E /* View+MASAdditions.m */; };
		78EEEB8D1EACA528005A3E3E /* ViewController+MASAdditions.m in Sources */ = {isa = PBXBuildFile; fileRef = 78EEEB811EACA528005A3E3E /* ViewController+MASAdditions.m */; };
		78EEEB8E1EACA528005A3E3E /* README.md in Sources */ = {isa = PBXBuildFile; fileRef = 78EEEB821EACA528005A3E3E /* README.md */; };
/* End PBXBuildFile section */

/* Begin PBXFileReference section */
		78EEEB4C1EACA438005A3E3E /* 试试.app */ = {isa = PBXFileReference; explicitFileType = wrapper.application; includeInIndex = 0; path = "试试.app"; sourceTree = BUILT_PRODUCTS_DIR; };
		78EEEB501EACA438005A3E3E /* main.m */ = {isa = PBXFileReference; lastKnownFileType = sourcecode.c.objc; path = main.m; sourceTree = "<group>"; };
		78EEEB521EACA438005A3E3E /* AppDelegate.h */ = {isa = PBXFileReference; lastKnownFileType = sourcecode.c.h; path = AppDelegate.h; sourceTree = "<group>"; };
		78EEEB531EACA438005A3E3E /* AppDelegate.m */ = {isa = PBXFileReference; lastKnownFileType = sourcecode.c.objc; path = AppDelegate.m; sourceTree = "<group>"; };
		78EEEB551EACA438005A3E3E /* ViewController.h */ = {isa = PBXFileReference; lastKnownFileType = sourcecode.c.h; path = ViewController.h; sourceTree = "<group>"; };
		78EEEB561EACA438005A3E3E /* ViewController.m */ = {isa = PBXFileReference; lastKnownFileType = sourcecode.c.objc; path = ViewController.m; sourceTree = "<group>"; };
		78EEEB591EACA438005A3E3E /* Base */ = {isa = PBXFileReference; lastKnownFileType = file.storyboard; name = Base; path = Base.lproj/Main.storyboard; sourceTree = "<group>"; };
		78EEEB5B1EACA438005A3E3E /* Assets.xcassets */ = {isa = PBXFileReference; lastKnownFileType = folder.assetcatalog; path = Assets.xcassets; sourceTree = "<group>"; };
		78EEEB5E1EACA438005A3E3E /* Base */ = {isa = PBXFileReference; lastKnownFileType = file.storyboard; name = Base; path = Base.lproj/LaunchScreen.storyboard; sourceTree = "<group>"; };
		78EEEB601EACA438005A3E3E /* Info.plist */ = {isa = PBXFileReference; lastKnownFileType = text.plist.xml; path = Info.plist; sourceTree = "<group>"; };
		78EEEB671EACA528005A3E3E /* LICENSE */ = {isa = PBXFileReference; fileEncoding = 4; lastKnownFileType = text; path = LICENSE; sourceTree = "<group>"; };
		78EEEB691EACA528005A3E3E /* MASCompositeConstraint.h */ = {isa = PBXFileReference; fileEncoding = 4; lastKnownFileType = sourcecode.c.h; path = MASCompositeConstraint.h; sourceTree = "<group>"; };
		78EEEB6A1EACA528005A3E3E /* MASCompositeConstraint.m */ = {isa = PBXFileReference; fileEncoding = 4; lastKnownFileType = sourcecode.c.objc; path = MASCompositeConstraint.m; sourceTree = "<group>"; };
		78EEEB6B1EACA528005A3E3E /* MASConstraint+Private.h */ = {isa = PBXFileReference; fileEncoding = 4; lastKnownFileType = sourcecode.c.h; path = "MASConstraint+Private.h"; sourceTree = "<group>"; };
		78EEEB6C1EACA528005A3E3E /* MASConstraint.h */ = {isa = PBXFileReference; fileEncoding = 4; lastKnownFileType = sourcecode.c.h; path = MASConstraint.h; sourceTree = "<group>"; };
		78EEEB6D1EACA528005A3E3E /* MASConstraint.m */ = {isa = PBXFileReference; fileEncoding = 4; lastKnownFileType = sourcecode.c.objc; path = MASConstraint.m; sourceTree = "<group>"; };
		78EEEB6E1EACA528005A3E3E /* MASConstraintMaker.h */ = {isa = PBXFileReference; fileEncoding = 4; lastKnownFileType = sourcecode.c.h; path = MASConstraintMaker.h; sourceTree = "<group>"; };
		78EEEB6F1EACA528005A3E3E /* MASConstraintMaker.m */ = {isa = PBXFileReference; fileEncoding = 4; lastKnownFileType = sourcecode.c.objc; path = MASConstraintMaker.m; sourceTree = "<group>"; };
		78EEEB701EACA528005A3E3E /* MASLayoutConstraint.h */ = {isa = PBXFileReference; fileEncoding = 4; lastKnownFileType = sourcecode.c.h; path = MASLayoutConstraint.h; sourceTree = "<group>"; };
		78EEEB711EACA528005A3E3E /* MASLayoutConstraint.m */ = {isa = PBXFileReference; fileEncoding = 4; lastKnownFileType = sourcecode.c.objc; path = MASLayoutConstraint.m; sourceTree = "<group>"; };
		78EEEB721EACA528005A3E3E /* Masonry.h */ = {isa = PBXFileReference; fileEncoding = 4; lastKnownFileType = sourcecode.c.h; path = Masonry.h; sourceTree = "<group>"; };
		78EEEB731EACA528005A3E3E /* MASUtilities.h */ = {isa = PBXFileReference; fileEncoding = 4; lastKnownFileType = sourcecode.c.h; path = MASUtilities.h; sourceTree = "<group>"; };
		78EEEB741EACA528005A3E3E /* MASViewAttribute.h */ = {isa = PBXFileReference; fileEncoding = 4; lastKnownFileType = sourcecode.c.h; path = MASViewAttribute.h; sourceTree = "<group>"; };
		78EEEB751EACA528005A3E3E /* MASViewAttribute.m */ = {isa = PBXFileReference; fileEncoding = 4; lastKnownFileType = sourcecode.c.objc; path = MASViewAttribute.m; sourceTree = "<group>"; };
		78EEEB761EACA528005A3E3E /* MASViewConstraint.h */ = {isa = PBXFileReference; fileEncoding = 4; lastKnownFileType = sourcecode.c.h; path = MASViewConstraint.h; sourceTree = "<group>"; };
		78EEEB771EACA528005A3E3E /* MASViewConstraint.m */ = {isa = PBXFileReference; fileEncoding = 4; lastKnownFileType = sourcecode.c.objc; path = MASViewConstraint.m; sourceTree = "<group>"; };
		78EEEB781EACA528005A3E3E /* NSArray+MASAdditions.h */ = {isa = PBXFileReference; fileEncoding = 4; lastKnownFileType = sourcecode.c.h; path = "NSArray+MASAdditions.h"; sourceTree = "<group>"; };
		78EEEB791EACA528005A3E3E /* NSArray+MASAdditions.m */ = {isa = PBXFileReference; fileEncoding = 4; lastKnownFileType = sourcecode.c.objc; path = "NSArray+MASAdditions.m"; sourceTree = "<group>"; };
		78EEEB7A1EACA528005A3E3E /* NSArray+MASShorthandAdditions.h */ = {isa = PBXFileReference; fileEncoding = 4; lastKnownFileType = sourcecode.c.h; path = "NSArray+MASShorthandAdditions.h"; sourceTree = "<group>"; };
		78EEEB7B1EACA528005A3E3E /* NSLayoutConstraint+MASDebugAdditions.h */ = {isa = PBXFileReference; fileEncoding = 4; lastKnownFileType = sourcecode.c.h; path = "NSLayoutConstraint+MASDebugAdditions.h"; sourceTree = "<group>"; };
		78EEEB7C1EACA528005A3E3E /* NSLayoutConstraint+MASDebugAdditions.m */ = {isa = PBXFileReference; fileEncoding = 4; lastKnownFileType = sourcecode.c.objc; path = "NSLayoutConstraint+MASDebugAdditions.m"; sourceTree = "<group>"; };
		78EEEB7D1EACA528005A3E3E /* View+MASAdditions.h */ = {isa = PBXFileReference; fileEncoding = 4; lastKnownFileType = sourcecode.c.h; path = "View+MASAdditions.h"; sourceTree = "<group>"; };
		78EEEB7E1EACA528005A3E3E /* View+MASAdditions.m */ = {isa = PBXFileReference; fileEncoding = 4; lastKnownFileType = sourcecode.c.objc; path = "View+MASAdditions.m"; sourceTree = "<group>"; };
		78EEEB7F1EACA528005A3E3E /* View+MASShorthandAdditions.h */ = {isa = PBXFileReference; fileEncoding = 4; lastKnownFileType = sourcecode.c.h; path = "View+MASShorthandAdditions.h"; sourceTree = "<group>"; };
		78EEEB801EACA528005A3E3E /* ViewController+MASAdditions.h */ = {isa = PBXFileReference; fileEncoding = 4; lastKnownFileType = sourcecode.c.h; path = "ViewController+MASAdditions.h"; sourceTree = "<group>"; };
		78EEEB811EACA528005A3E3E /* ViewController+MASAdditions.m */ = {isa = PBXFileReference; fileEncoding = 4; lastKnownFileType = sourcecode.c.objc; path = "ViewController+MASAdditions.m"; sourceTree = "<group>"; };
		78EEEB821EACA528005A3E3E /* README.md */ = {isa = PBXFileReference; fileEncoding = 4; lastKnownFileType = net.daringfireball.markdown; path = README.md; sourceTree = "<group>"; };
/* End PBXFileReference section */

/* Begin PBXFrameworksBuildPhase section */
		78EEEB491EACA438005A3E3E /* Frameworks */ = {
			isa = PBXFrameworksBuildPhase;
			buildActionMask = 2147483647;
			files = (
			);
			runOnlyForDeploymentPostprocessing = 0;
		};
/* End PBXFrameworksBuildPhase section */

/* Begin PBXGroup section */
		78EEEB431EACA438005A3E3E = {
			isa = PBXGroup;
			children = (
				78EEEB4E1EACA438005A3E3E /* 试试 */,
				78EEEB4D1EACA438005A3E3E /* Products */,
			);
			sourceTree = "<group>";
		};
		78EEEB4D1EACA438005A3E3E /* Products */ = {
			isa = PBXGroup;
			children = (
				78EEEB4C1EACA438005A3E3E /* 试试.app */,
			);
			name = Products;
			sourceTree = "<group>";
		};
		78EEEB4E1EACA438005A3E3E /* 试试 */ = {
			isa = PBXGroup;
			children = (
				78EEEB661EACA528005A3E3E /* Masonry */,
				78EEEB521EACA438005A3E3E /* AppDelegate.h */,
				78EEEB531EACA438005A3E3E /* AppDelegate.m */,
				78EEEB551EACA438005A3E3E /* ViewController.h */,
				78EEEB561EACA438005A3E3E /* ViewController.m */,
				78EEEB581EACA438005A3E3E /* Main.storyboard */,
				78EEEB5B1EACA438005A3E3E /* Assets.xcassets */,
				78EEEB5D1EACA438005A3E3E /* LaunchScreen.storyboard */,
				78EEEB601EACA438005A3E3E /* Info.plist */,
				78EEEB4F1EACA438005A3E3E /* Supporting Files */,
			);
			path = "试试";
			sourceTree = "<group>";
		};
		78EEEB4F1EACA438005A3E3E /* Supporting Files */ = {
			isa = PBXGroup;
			children = (
				78EEEB501EACA438005A3E3E /* main.m */,
			);
			name = "Supporting Files";
			sourceTree = "<group>";
		};
		78EEEB661EACA528005A3E3E /* Masonry */ = {
			isa = PBXGroup;
			children = (
				78EEEB671EACA528005A3E3E /* LICENSE */,
				78EEEB681EACA528005A3E3E /* Masonry */,
				78EEEB821EACA528005A3E3E /* README.md */,
			);
			path = Masonry;
			sourceTree = "<group>";
		};
		78EEEB681EACA528005A3E3E /* Masonry */ = {
			isa = PBXGroup;
			children = (
				78EEEB691EACA528005A3E3E /* MASCompositeConstraint.h */,
				78EEEB6A1EACA528005A3E3E /* MASCompositeConstraint.m */,
				78EEEB6B1EACA528005A3E3E /* MASConstraint+Private.h */,
				78EEEB6C1EACA528005A3E3E /* MASConstraint.h */,
				78EEEB6D1EACA528005A3E3E /* MASConstraint.m */,
				78EEEB6E1EACA528005A3E3E /* MASConstraintMaker.h */,
				78EEEB6F1EACA528005A3E3E /* MASConstraintMaker.m */,
				78EEEB701EACA528005A3E3E /* MASLayoutConstraint.h */,
				78EEEB711EACA528005A3E3E /* MASLayoutConstraint.m */,
				78EEEB721EACA528005A3E3E /* Masonry.h */,
				78EEEB731EACA528005A3E3E /* MASUtilities.h */,
				78EEEB741EACA528005A3E3E /* MASViewAttribute.h */,
				78EEEB751EACA528005A3E3E /* MASViewAttribute.m */,
				78EEEB761EACA528005A3E3E /* MASViewConstraint.h */,
				78EEEB771EACA528005A3E3E /* MASViewConstraint.m */,
				78EEEB781EACA528005A3E3E /* NSArray+MASAdditions.h */,
				78EEEB791EACA528005A3E3E /* NSArray+MASAdditions.m */,
				78EEEB7A1EACA528005A3E3E /* NSArray+MASShorthandAdditions.h */,
				78EEEB7B1EACA528005A3E3E /* NSLayoutConstraint+MASDebugAdditions.h */,
				78EEEB7C1EACA528005A3E3E /* NSLayoutConstraint+MASDebugAdditions.m */,
				78EEEB7D1EACA528005A3E3E /* View+MASAdditions.h */,
				78EEEB7E1EACA528005A3E3E /* View+MASAdditions.m */,
				78EEEB7F1EACA528005A3E3E /* View+MASShorthandAdditions.h */,
				78EEEB801EACA528005A3E3E /* ViewController+MASAdditions.h */,
				78EEEB811EACA528005A3E3E /* ViewController+MASAdditions.m */,
			);
			path = Masonry;
			sourceTree = "<group>";
		};
/* End PBXGroup section */

/* Begin PBXNativeTarget section */
		78EEEB4B1EACA438005A3E3E /* 试试 */ = {
			isa = PBXNativeTarget;
			buildConfigurationList = 78EEEB631EACA438005A3E3E /* Build configuration list for PBXNativeTarget "试试" */;
			buildPhases = (
				78EEEB481EACA438005A3E3E /* Sources */,
				78EEEB491EACA438005A3E3E /* Frameworks */,
				78EEEB4A1EACA438005A3E3E /* Resources */,
			);
			buildRules = (
			);
			dependencies = (
			);
			name = "试试";
			productName = "试试";
			productReference = 78EEEB4C1EACA438005A3E3E /* 试试.app */;
			productType = "com.apple.product-type.application";
		};
/* End PBXNativeTarget section */

/* Begin PBXProject section */
		78EEEB441EACA438005A3E3E /* Project object */ = {
			isa = PBXProject;
			attributes = {
				LastUpgradeCheck = 0810;
				ORGANIZATIONNAME = "王帅龙";
				TargetAttributes = {
					78EEEB4B1EACA438005A3E3E = {
						CreatedOnToolsVersion = 8.1;
						ProvisioningStyle = Automatic;
					};
				};
			};
			buildConfigurationList = 78EEEB471EACA438005A3E3E /* Build configuration list for PBXProject "试试" */;
			compatibilityVersion = "Xcode 3.2";
			developmentRegion = English;
			hasScannedForEncodings = 0;
			knownRegions = (
				en,
				Base,
			);
			mainGroup = 78EEEB431EACA438005A3E3E;
			productRefGroup = 78EEEB4D1EACA438005A3E3E /* Products */;
			projectDirPath = "";
			projectRoot = "";
			targets = (
				78EEEB4B1EACA438005A3E3E /* 试试 */,
			);
		};
/* End PBXProject section */

/* Begin PBXResourcesBuildPhase section */
		78EEEB4A1EACA438005A3E3E /* Resources */ = {
			isa = PBXResourcesBuildPhase;
			buildActionMask = 2147483647;
			files = (
				78EEEB5F1EACA438005A3E3E /* LaunchScreen.storyboard in Resources */,
				78EEEB5C1EACA438005A3E3E /* Assets.xcassets in Resources */,
				78EEEB831EACA528005A3E3E /* LICENSE in Resources */,
				78EEEB5A1EACA438005A3E3E /* Main.storyboard in Resources */,
			);
			runOnlyForDeploymentPostprocessing = 0;
		};
/* End PBXResourcesBuildPhase section */

/* Begin PBXSourcesBuildPhase section */
		78EEEB481EACA438005A3E3E /* Sources */ = {
			isa = PBXSourcesBuildPhase;
			buildActionMask = 2147483647;
			files = (
				78EEEB8B1EACA528005A3E3E /* NSLayoutConstraint+MASDebugAdditions.m in Sources */,
				78EEEB891EACA528005A3E3E /* MASViewConstraint.m in Sources */,
				78EEEB841EACA528005A3E3E /* MASCompositeConstraint.m in Sources */,
				78EEEB8A1EACA528005A3E3E /* NSArray+MASAdditions.m in Sources */,
				78EEEB571EACA438005A3E3E /* ViewController.m in Sources */,
				78EEEB541EACA438005A3E3E /* AppDelegate.m in Sources */,
				78EEEB871EACA528005A3E3E /* MASLayoutConstraint.m in Sources */,
				78EEEB511EACA438005A3E3E /* main.m in Sources */,
				78EEEB8D1EACA528005A3E3E /* ViewController+MASAdditions.m in Sources */,
				78EEEB8C1EACA528005A3E3E /* View+MASAdditions.m in Sources */,
				78EEEB8E1EACA528005A3E3E /* README.md in Sources */,
				78EEEB881EACA528005A3E3E /* MASViewAttribute.m in Sources */,
				78EEEB851EACA528005A3E3E /* MASConstraint.m in Sources */,
				78EEEB861EACA528005A3E3E /* MASConstraintMaker.m in Sources */,
			);
			runOnlyForDeploymentPostprocessing = 0;
		};
/* End PBXSourcesBuildPhase section */

/* Begin PBXVariantGroup section */
		78EEEB581EACA438005A3E3E /* Main.storyboard */ = {
			isa = PBXVariantGroup;
			children = (
				78EEEB591EACA438005A3E3E /* Base */,
			);
			name = Main.storyboard;
			sourceTree = "<group>";
		};
		78EEEB5D1EACA438005A3E3E /* LaunchScreen.storyboard */ = {
			isa = PBXVariantGroup;
			children = (
				78EEEB5E1EACA438005A3E3E /* Base */,
			);
			name = LaunchScreen.storyboard;
			sourceTree = "<group>";
		};
/* End PBXVariantGroup section */

/* Begin XCBuildConfiguration section */
		78EEEB611EACA438005A3E3E /* Debug */ = {
			isa = XCBuildConfiguration;
			buildSettings = {
				ALWAYS_SEARCH_USER_PATHS = NO;
				CLANG_ANALYZER_NONNULL = YES;
				CLANG_CXX_LANGUAGE_STANDARD = "gnu++0x";
				CLANG_CXX_LIBRARY = "libc++";
				CLANG_ENABLE_MODULES = YES;
				CLANG_ENABLE_OBJC_ARC = YES;
				CLANG_WARN_BOOL_CONVERSION = YES;
				CLANG_WARN_CONSTANT_CONVERSION = YES;
				CLANG_WARN_DIRECT_OBJC_ISA_USAGE = YES_ERROR;
				CLANG_WARN_DOCUMENTATION_COMMENTS = YES;
				CLANG_WARN_EMPTY_BODY = YES;
				CLANG_WARN_ENUM_CONVERSION = YES;
				CLANG_WARN_INFINITE_RECURSION = YES;
				CLANG_WARN_INT_CONVERSION = YES;
				CLANG_WARN_OBJC_ROOT_CLASS = YES_ERROR;
				CLANG_WARN_SUSPICIOUS_MOVES = YES;
				CLANG_WARN_UNREACHABLE_CODE = YES;
				CLANG_WARN__DUPLICATE_METHOD_MATCH = YES;
				"CODE_SIGN_IDENTITY[sdk=iphoneos*]" = "iPhone Developer";
				COPY_PHASE_STRIP = NO;
				DEBUG_INFORMATION_FORMAT = dwarf;
				ENABLE_STRICT_OBJC_MSGSEND = YES;
				ENABLE_TESTABILITY = YES;
				GCC_C_LANGUAGE_STANDARD = gnu99;
				GCC_DYNAMIC_NO_PIC = NO;
				GCC_NO_COMMON_BLOCKS = YES;
				GCC_OPTIMIZATION_LEVEL = 0;
				GCC_PREPROCESSOR_DEFINITIONS = (
					"DEBUG=1",
					"$(inherited)",
				);
				GCC_WARN_64_TO_32_BIT_CONVERSION = YES;
				GCC_WARN_ABOUT_RETURN_TYPE = YES_ERROR;
				GCC_WARN_UNDECLARED_SELECTOR = YES;
				GCC_WARN_UNINITIALIZED_AUTOS = YES_AGGRESSIVE;
				GCC_WARN_UNUSED_FUNCTION = YES;
				GCC_WARN_UNUSED_VARIABLE = YES;
				IPHONEOS_DEPLOYMENT_TARGET = 10.1;
				MTL_ENABLE_DEBUG_INFO = YES;
				ONLY_ACTIVE_ARCH = YES;
				SDKROOT = iphoneos;
				TARGETED_DEVICE_FAMILY = "1,2";
			};
			name = Debug;
		};
		78EEEB621EACA438005A3E3E /* Release */ = {
			isa = XCBuildConfiguration;
			buildSettings = {
				ALWAYS_SEARCH_USER_PATHS = NO;
				CLANG_ANALYZER_NONNULL = YES;
				CLANG_CXX_LANGUAGE_STANDARD = "gnu++0x";
				CLANG_CXX_LIBRARY = "libc++";
				CLANG_ENABLE_MODULES = YES;
				CLANG_ENABLE_OBJC_ARC = YES;
				CLANG_WARN_BOOL_CONVERSION = YES;
				CLANG_WARN_CONSTANT_CONVERSION = YES;
				CLANG_WARN_DIRECT_OBJC_ISA_USAGE = YES_ERROR;
				CLANG_WARN_DOCUMENTATION_COMMENTS = YES;
				CLANG_WARN_EMPTY_BODY = YES;
				CLANG_WARN_ENUM_CONVERSION = YES;
				CLANG_WARN_INFINITE_RECURSION = YES;
				CLANG_WARN_INT_CONVERSION = YES;
				CLANG_WARN_OBJC_ROOT_CLASS = YES_ERROR;
				CLANG_WARN_SUSPICIOUS_MOVES = YES;
				CLANG_WARN_UNREACHABLE_CODE = YES;
				CLANG_WARN__DUPLICATE_METHOD_MATCH = YES;
				"CODE_SIGN_IDENTITY[sdk=iphoneos*]" = "iPhone Developer";
				COPY_PHASE_STRIP = NO;
				DEBUG_INFORMATION_FORMAT = "dwarf-with-dsym";
				ENABLE_NS_ASSERTIONS = NO;
				ENABLE_STRICT_OBJC_MSGSEND = YES;
				GCC_C_LANGUAGE_STANDARD = gnu99;
				GCC_NO_COMMON_BLOCKS = YES;
				GCC_WARN_64_TO_32_BIT_CONVERSION = YES;
				GCC_WARN_ABOUT_RETURN_TYPE = YES_ERROR;
				GCC_WARN_UNDECLARED_SELECTOR = YES;
				GCC_WARN_UNINITIALIZED_AUTOS = YES_AGGRESSIVE;
				GCC_WARN_UNUSED_FUNCTION = YES;
				GCC_WARN_UNUSED_VARIABLE = YES;
				IPHONEOS_DEPLOYMENT_TARGET = 10.1;
				MTL_ENABLE_DEBUG_INFO = NO;
				SDKROOT = iphoneos;
				TARGETED_DEVICE_FAMILY = "1,2";
				VALIDATE_PRODUCT = YES;
			};
			name = Release;
		};
		78EEEB641EACA438005A3E3E /* Debug */ = {
			isa = XCBuildConfiguration;
			buildSettings = {
				ASSETCATALOG_COMPILER_APPICON_NAME = AppIcon;
				INFOPLIST_FILE = "试试/Info.plist";
				LD_RUNPATH_SEARCH_PATHS = "$(inherited) @executable_path/Frameworks";
				PRODUCT_BUNDLE_IDENTIFIER = "com.wsl.--";
				PRODUCT_NAME = "$(TARGET_NAME)";
			};
			name = Debug;
		};
		78EEEB651EACA438005A3E3E /* Release */ = {
			isa = XCBuildConfiguration;
			buildSettings = {
				ASSETCATALOG_COMPILER_APPICON_NAME = AppIcon;
				INFOPLIST_FILE = "试试/Info.plist";
				LD_RUNPATH_SEARCH_PATHS = "$(inherited) @executable_path/Frameworks";
				PRODUCT_BUNDLE_IDENTIFIER = "com.wsl.--";
				PRODUCT_NAME = "$(TARGET_NAME)";
			};
			name = Release;
		};
/* End XCBuildConfiguration section */

/* Begin XCConfigurationList section */
		78EEEB471EACA438005A3E3E /* Build configuration list for PBXProject "试试" */ = {
			isa = XCConfigurationList;
			buildConfigurations = (
				78EEEB611EACA438005A3E3E /* Debug */,
				78EEEB621EACA438005A3E3E /* Release */,
			);
			defaultConfigurationIsVisible = 0;
			defaultConfigurationName = Release;
		};
		78EEEB631EACA438005A3E3E /* Build configuration list for PBXNativeTarget "试试" */ = {
			isa = XCConfigurationList;
			buildConfigurations = (
				78EEEB641EACA438005A3E3E /* Debug */,
				78EEEB651EACA438005A3E3E /* Release */,
			);
			defaultConfigurationIsVisible = 0;
		};
/* End XCConfigurationList section */
	};
	rootObject = 78EEEB441EACA438005A3E3E /* Project object */;
}
